
Microsoft Visual Studio Solution File, Format Version 11.00
# Visual Studio 2010
Project("{FAE04EC0-301F-11D3-BF4B-00C04F79EFBC}") = "awesomium.ui", "awesomium.ui.csproj", "{980EBFFE-30A4-4C47-9C36-2F04321985EF}"
EndProject
Project("{FAE04EC0-301F-11D3-BF4B-00C04F79EFBC}") = "DemoProject", "DemoProject\DemoProject.csproj", "{68C775D1-2CF1-4836-A099-12B387FD9207}"
EndProject
Global
	GlobalSection(SolutionConfigurationPlatforms) = preSolution
		Debug|Any CPU = Debug|Any CPU
		Debug|Mixed Platforms = Debug|Mixed Platforms
		Debug|x86 = Debug|x86
		Release|Any CPU = Release|Any CPU
		Release|Mixed Platforms = Release|Mixed Platforms
		Release|x86 = Release|x86
	EndGlobalSection
	GlobalSection(ProjectConfigurationPlatforms) = postSolution
		{980EBFFE-30A4-4C47-9C36-2F04321985EF}.Debug|Any CPU.ActiveCfg = Debug|Any CPU
		{980EBFFE-30A4-4C47-9C36-2F04321985EF}.Debug|Any CPU.Build.0 = Debug|Any CPU
		{980EBFFE-30A4-4C47-9C36-2F04321985EF}.Debug|Mixed Platforms.ActiveCfg = Debug|Any CPU
		{980EBFFE-30A4-4C47-9C36-2F04321985EF}.Debug|Mixed Platforms.Build.0 = Debug|Any CPU
		{980EBFFE-30A4-4C47-9C36-2F04321985EF}.Debug|x86.ActiveCfg = Debug|Any CPU
		{980EBFFE-30A4-4C47-9C36-2F04321985EF}.Release|Any CPU.ActiveCfg = Release|Any CPU
		{980EBFFE-30A4-4C47-9C36-2F04321985EF}.Release|Any CPU.Build.0 = Release|Any CPU
		{980EBFFE-30A4-4C47-9C36-2F04321985EF}.Release|Mixed Platforms.ActiveCfg = Release|Any CPU
		{980EBFFE-30A4-4C47-9C36-2F04321985EF}.Release|Mixed Platforms.Build.0 = Release|Any CPU
		{980EBFFE-30A4-4C47-9C36-2F04321985EF}.Release|x86.ActiveCfg = Release|Any CPU
		{68C775D1-2CF1-4836-A099-12B387FD9207}.Debug|Any CPU.ActiveCfg = Debug|x86
		{68C775D1-2CF1-4836-A099-12B387FD9207}.Debug|Mixed Platforms.ActiveCfg = Debug|x86
		{68C775D1-2CF1-4836-A099-12B387FD9207}.Debug|Mixed Platforms.Build.0 = Debug|x86
		{68C775D1-2CF1-4836-A099-12B387FD9207}.Debug|x86.ActiveCfg = Debug|x86
		{68C775D1-2CF1-4836-A099-12B387FD9207}.Debug|x86.Build.0 = Debug|x86
		{68C775D1-2CF1-4836-A099-12B387FD9207}.Release|Any CPU.ActiveCfg = Release|x86
		{68C775D1-2CF1-4836-A099-12B387FD9207}.Release|Mixed Platforms.ActiveCfg = Release|x86
		{68C775D1-2CF1-4836-A099-12B387FD9207}.Release|Mixed Platforms.Build.0 = Release|x86
		{68C775D1-2CF1-4836-A099-12B387FD9207}.Release|x86.ActiveCfg = Release|x86
		{68C775D1-2CF1-4836-A099-12B387FD9207}.Release|x86.Build.0 = Release|x86
	EndGlobalSection
	GlobalSection(SolutionProperties) = preSolution
		HideSolutionNode = FALSE
	EndGlobalSection
EndGlobal
